
Microsoft Visual Studio Solution File, Format Version 12.00
# Visual Studio Version 16
VisualStudioVersion = 16.0.32126.315
MinimumVisualStudioVersion = 10.0.40219.1
Project("{FAE04EC0-301F-11D3-BF4B-00C04F79EFBC}") = "EF_Core_Blazor_Server", "EF_Core_Blazor_Server.csproj", "{B731E9F7-951A-4E4D-8B8A-7AB5B9281692}"
EndProject
Global
	GlobalSection(SolutionConfigurationPlatforms) = preSolution
		Debug|Any CPU = Debug|Any CPU
		Release|Any CPU = Release|Any CPU
	EndGlobalSection
	GlobalSection(ProjectConfigurationPlatforms) = postSolution
		{B731E9F7-951A-4E4D-8B8A-7AB5B9281692}.Debug|Any CPU.ActiveCfg = Debug|Any CPU
		{B731E9F7-951A-4E4D-8B8A-7AB5B9281692}.Debug|Any CPU.Build.0 = Debug|Any CPU
		{B731E9F7-951A-4E4D-8B8A-7AB5B9281692}.Release|Any CPU.ActiveCfg = Release|Any CPU
		{B731E9F7-951A-4E4D-8B8A-7AB5B9281692}.Release|Any CPU.Build.0 = Release|Any CPU
	EndGlobalSection
	GlobalSection(SolutionProperties) = preSolution
		HideSolutionNode = FALSE
	EndGlobalSection
	GlobalSection(ExtensibilityGlobals) = postSolution
		SolutionGuid = {D94DF7E2-1B81-4C71-83CB-36316EF9118B}
	EndGlobalSection
EndGlobal
